
Microsoft Visual Studio Solution File, Format Version 12.00
# Visual Studio Version 16
VisualStudioVersion = 16.0.30804.86
MinimumVisualStudioVersion = 10.0.40219.1
Project("{9A19103F-16F7-4668-BE54-9A1E7A4F7556}") = "ECommerceService", "ECommerceService\ECommerceService.csproj", "{06ECD2D1-2E79-4560-86E9-8F9BEE65C521}"
EndProject
Project("{9A19103F-16F7-4668-BE54-9A1E7A4F7556}") = "ECommerce.Domain", "ECommerce.Domain\ECommerce.Domain.csproj", "{2747E034-D1B8-4DEF-8AE7-D694C1151E68}"
EndProject
Project("{9A19103F-16F7-4668-BE54-9A1E7A4F7556}") = "ECommerce.Infrastructure", "ECommerce.Infrastructure\ECommerce.Infrastructure.csproj", "{42704317-9849-4EFE-96F6-F97CF6D9C9B4}"
EndProject
Project("{FAE04EC0-301F-11D3-BF4B-00C04F79EFBC}") = "ECommerce.AzureStorage", "ECommerce.AzureStorage\ECommerce.AzureStorage.csproj", "{94D37A45-072C-4B17-A6ED-9784173DAD28}"
EndProject
Global
	GlobalSection(SolutionConfigurationPlatforms) = preSolution
		Debug|Any CPU = Debug|Any CPU
		Release|Any CPU = Release|Any CPU
	EndGlobalSection
	GlobalSection(ProjectConfigurationPlatforms) = postSolution
		{06ECD2D1-2E79-4560-86E9-8F9BEE65C521}.Debug|Any CPU.ActiveCfg = Debug|Any CPU
		{06ECD2D1-2E79-4560-86E9-8F9BEE65C521}.Debug|Any CPU.Build.0 = Debug|Any CPU
		{06ECD2D1-2E79-4560-86E9-8F9BEE65C521}.Release|Any CPU.ActiveCfg = Release|Any CPU
		{06ECD2D1-2E79-4560-86E9-8F9BEE65C521}.Release|Any CPU.Build.0 = Release|Any CPU
		{2747E034-D1B8-4DEF-8AE7-D694C1151E68}.Debug|Any CPU.ActiveCfg = Debug|Any CPU
		{2747E034-D1B8-4DEF-8AE7-D694C1151E68}.Debug|Any CPU.Build.0 = Debug|Any CPU
		{2747E034-D1B8-4DEF-8AE7-D694C1151E68}.Release|Any CPU.ActiveCfg = Release|Any CPU
		{2747E034-D1B8-4DEF-8AE7-D694C1151E68}.Release|Any CPU.Build.0 = Release|Any CPU
		{42704317-9849-4EFE-96F6-F97CF6D9C9B4}.Debug|Any CPU.ActiveCfg = Debug|Any CPU
		{42704317-9849-4EFE-96F6-F97CF6D9C9B4}.Debug|Any CPU.Build.0 = Debug|Any CPU
		{42704317-9849-4EFE-96F6-F97CF6D9C9B4}.Release|Any CPU.ActiveCfg = Release|Any CPU
		{42704317-9849-4EFE-96F6-F97CF6D9C9B4}.Release|Any CPU.Build.0 = Release|Any CPU
		{94D37A45-072C-4B17-A6ED-9784173DAD28}.Debug|Any CPU.ActiveCfg = Debug|Any CPU
		{94D37A45-072C-4B17-A6ED-9784173DAD28}.Debug|Any CPU.Build.0 = Debug|Any CPU
		{94D37A45-072C-4B17-A6ED-9784173DAD28}.Release|Any CPU.ActiveCfg = Release|Any CPU
		{94D37A45-072C-4B17-A6ED-9784173DAD28}.Release|Any CPU.Build.0 = Release|Any CPU
	EndGlobalSection
	GlobalSection(SolutionProperties) = preSolution
		HideSolutionNode = FALSE
	EndGlobalSection
	GlobalSection(ExtensibilityGlobals) = postSolution
		SolutionGuid = {D10C9557-6C6C-4B87-8C31-3F58790D23EF}
	EndGlobalSection
EndGlobal
